
Microsoft Visual Studio Solution File, Format Version 12.00
# Visual Studio 15
VisualStudioVersion = 15.0.26430.12
MinimumVisualStudioVersion = 10.0.40219.1
Project("{FAE04EC0-301F-11D3-BF4B-00C04F79EFBC}") = "eduVPN", "eduVPN\eduVPN.csproj", "{DD3C8CFD-A160-4F8A-9D53-DA6FD1BA55B2}"
EndProject
Project("{FAE04EC0-301F-11D3-BF4B-00C04F79EFBC}") = "eduVPNTests", "eduVPNTests\eduVPNTests.csproj", "{3EED260C-7C3C-4E52-93EC-0F0C3ED2F696}"
EndProject
Global
	GlobalSection(SolutionConfigurationPlatforms) = preSolution
		Debug|Any CPU = Debug|Any CPU
		Release|Any CPU = Release|Any CPU
	EndGlobalSection
	GlobalSection(ProjectConfigurationPlatforms) = postSolution
		{DD3C8CFD-A160-4F8A-9D53-DA6FD1BA55B2}.Debug|Any CPU.ActiveCfg = Debug|Any CPU
		{DD3C8CFD-A160-4F8A-9D53-DA6FD1BA55B2}.Debug|Any CPU.Build.0 = Debug|Any CPU
		{DD3C8CFD-A160-4F8A-9D53-DA6FD1BA55B2}.Release|Any CPU.ActiveCfg = Release|Any CPU
		{DD3C8CFD-A160-4F8A-9D53-DA6FD1BA55B2}.Release|Any CPU.Build.0 = Release|Any CPU
		{3EED260C-7C3C-4E52-93EC-0F0C3ED2F696}.Debug|Any CPU.ActiveCfg = Debug|Any CPU
		{3EED260C-7C3C-4E52-93EC-0F0C3ED2F696}.Debug|Any CPU.Build.0 = Debug|Any CPU
		{3EED260C-7C3C-4E52-93EC-0F0C3ED2F696}.Release|Any CPU.ActiveCfg = Release|Any CPU
		{3EED260C-7C3C-4E52-93EC-0F0C3ED2F696}.Release|Any CPU.Build.0 = Release|Any CPU
	EndGlobalSection
	GlobalSection(SolutionProperties) = preSolution
		HideSolutionNode = FALSE
	EndGlobalSection
EndGlobal
