
Microsoft Visual Studio Solution File, Format Version 12.00
# Visual Studio 15
VisualStudioVersion = 15.0.26430.12
MinimumVisualStudioVersion = 10.0.40219.1
Project("{FAE04EC0-301F-11D3-BF4B-00C04F79EFBC}") = "eduVPN-net35", "eduVPN\eduVPN-net35.csproj", "{DD3C8CFD-A160-4F8A-9D53-DA6FD1BA55B2}"
EndProject
Project("{FAE04EC0-301F-11D3-BF4B-00C04F79EFBC}") = "eduVPNTests", "eduVPNTests\eduVPNTests.csproj", "{3EED260C-7C3C-4E52-93EC-0F0C3ED2F696}"
EndProject
Project("{2150E333-8FDC-42A3-9474-1A3956D46DE8}") = "Solution Items", "Solution Items", "{DDE68AEB-4646-43DC-8F6D-4FAAF9E8865F}"
	ProjectSection(SolutionItems) = preProject
		LICENSE = LICENSE
		LICENSE.spdx = LICENSE.spdx
	EndProjectSection
EndProject
Project("{FAE04EC0-301F-11D3-BF4B-00C04F79EFBC}") = "eduJSON-net35", "eduJSON\eduJSON\eduJSON-net35.csproj", "{E94DA1FC-9542-474A-BC20-78A02B961E11}"
EndProject
Project("{2150E333-8FDC-42A3-9474-1A3956D46DE8}") = "Dependencies", "Dependencies", "{62C4825F-1F58-4BA1-BD10-DABB139FCC47}"
EndProject
Project("{8BC9CEB8-8B4A-11D0-8D11-00A0C91BC942}") = "libsodium", "eduEd25519\libsodium\builds\msvc\vs2017\libsodium\libsodium.vcxproj", "{A185B162-6CB6-4502-B03F-B56F7699A8D9}"
EndProject
Project("{8BC9CEB8-8B4A-11D0-8D11-00A0C91BC942}") = "eduEd25519-net35", "eduEd25519\eduEd25519\eduEd25519-net35.vcxproj", "{75C812DF-3130-4B2A-8FC3-2E274E3A548F}"
EndProject
Project("{2150E333-8FDC-42A3-9474-1A3956D46DE8}") = "Tests", "Tests", "{34019D9B-CB1A-4C13-B6F8-992DE8AB6F39}"
EndProject
Project("{FAE04EC0-301F-11D3-BF4B-00C04F79EFBC}") = "eduEd25519Tests", "eduEd25519\eduEd25519Tests\eduEd25519Tests.csproj", "{A4AE321A-E6B4-47A8-A2B2-0727D1A17721}"
EndProject
Project("{FAE04EC0-301F-11D3-BF4B-00C04F79EFBC}") = "eduJSONTests", "eduJSON\eduJSONTests\eduJSONTests.csproj", "{2C761E16-7CE7-4702-9BB9-C36C0903C8FF}"
EndProject
Project("{8BC9CEB8-8B4A-11D0-8D11-00A0C91BC942}") = "eduEd25519-net45", "eduEd25519\eduEd25519\eduEd25519-net45.vcxproj", "{525C3889-CCFA-444F-9190-BEAE637B46A5}"
EndProject
Project("{FAE04EC0-301F-11D3-BF4B-00C04F79EFBC}") = "eduJSON-net45", "eduJSON\eduJSON\eduJSON-net45.csproj", "{CAB91949-A2DA-449D-B0A9-62CE1AF21D66}"
EndProject
Project("{FAE04EC0-301F-11D3-BF4B-00C04F79EFBC}") = "eduVPN-net40", "eduVPN\eduVPN-net40.csproj", "{2E6427E4-0C1A-49B9-A80D-886035995CBE}"
EndProject
Project("{FAE04EC0-301F-11D3-BF4B-00C04F79EFBC}") = "eduVPN-net45", "eduVPN\eduVPN-net45.csproj", "{EA6E81C8-429E-4670-9983-071744D274B7}"
EndProject
Project("{8BC9CEB8-8B4A-11D0-8D11-00A0C91BC942}") = "eduEd25519-net40", "eduEd25519\eduEd25519\eduEd25519-net40.vcxproj", "{A25C3684-302E-4C4D-96E9-176C12FE7423}"
EndProject
Project("{FAE04EC0-301F-11D3-BF4B-00C04F79EFBC}") = "eduJSON-net40", "eduJSON\eduJSON\eduJSON-net40.csproj", "{8F4C3F22-1988-4077-9220-ED2512FC0248}"
EndProject
Global
	GlobalSection(SolutionConfigurationPlatforms) = preSolution
		Debug|Any CPU = Debug|Any CPU
		Debug|Win32 = Debug|Win32
		Debug|x64 = Debug|x64
		Release|Any CPU = Release|Any CPU
		Release|Win32 = Release|Win32
		Release|x64 = Release|x64
	EndGlobalSection
	GlobalSection(ProjectConfigurationPlatforms) = postSolution
		{DD3C8CFD-A160-4F8A-9D53-DA6FD1BA55B2}.Debug|Any CPU.ActiveCfg = Debug|Any CPU
		{DD3C8CFD-A160-4F8A-9D53-DA6FD1BA55B2}.Debug|Any CPU.Build.0 = Debug|Any CPU
		{DD3C8CFD-A160-4F8A-9D53-DA6FD1BA55B2}.Debug|Win32.ActiveCfg = Debug|Any CPU
		{DD3C8CFD-A160-4F8A-9D53-DA6FD1BA55B2}.Debug|x64.ActiveCfg = Debug|Any CPU
		{DD3C8CFD-A160-4F8A-9D53-DA6FD1BA55B2}.Release|Any CPU.ActiveCfg = Release|Any CPU
		{DD3C8CFD-A160-4F8A-9D53-DA6FD1BA55B2}.Release|Any CPU.Build.0 = Release|Any CPU
		{DD3C8CFD-A160-4F8A-9D53-DA6FD1BA55B2}.Release|Win32.ActiveCfg = Release|Any CPU
		{DD3C8CFD-A160-4F8A-9D53-DA6FD1BA55B2}.Release|x64.ActiveCfg = Release|Any CPU
		{3EED260C-7C3C-4E52-93EC-0F0C3ED2F696}.Debug|Any CPU.ActiveCfg = Debug|Any CPU
		{3EED260C-7C3C-4E52-93EC-0F0C3ED2F696}.Debug|Any CPU.Build.0 = Debug|Any CPU
		{3EED260C-7C3C-4E52-93EC-0F0C3ED2F696}.Debug|Win32.ActiveCfg = Debug|Any CPU
		{3EED260C-7C3C-4E52-93EC-0F0C3ED2F696}.Debug|x64.ActiveCfg = Debug|Any CPU
		{3EED260C-7C3C-4E52-93EC-0F0C3ED2F696}.Release|Any CPU.ActiveCfg = Release|Any CPU
		{3EED260C-7C3C-4E52-93EC-0F0C3ED2F696}.Release|Any CPU.Build.0 = Release|Any CPU
		{3EED260C-7C3C-4E52-93EC-0F0C3ED2F696}.Release|Win32.ActiveCfg = Release|Any CPU
		{3EED260C-7C3C-4E52-93EC-0F0C3ED2F696}.Release|x64.ActiveCfg = Release|Any CPU
		{E94DA1FC-9542-474A-BC20-78A02B961E11}.Debug|Any CPU.ActiveCfg = Debug|Any CPU
		{E94DA1FC-9542-474A-BC20-78A02B961E11}.Debug|Any CPU.Build.0 = Debug|Any CPU
		{E94DA1FC-9542-474A-BC20-78A02B961E11}.Debug|Win32.ActiveCfg = Debug|Any CPU
		{E94DA1FC-9542-474A-BC20-78A02B961E11}.Debug|x64.ActiveCfg = Debug|Any CPU
		{E94DA1FC-9542-474A-BC20-78A02B961E11}.Release|Any CPU.ActiveCfg = Release|Any CPU
		{E94DA1FC-9542-474A-BC20-78A02B961E11}.Release|Any CPU.Build.0 = Release|Any CPU
		{E94DA1FC-9542-474A-BC20-78A02B961E11}.Release|Win32.ActiveCfg = Release|Any CPU
		{E94DA1FC-9542-474A-BC20-78A02B961E11}.Release|x64.ActiveCfg = Release|Any CPU
		{A185B162-6CB6-4502-B03F-B56F7699A8D9}.Debug|Any CPU.ActiveCfg = DebugDLL|Win32
		{A185B162-6CB6-4502-B03F-B56F7699A8D9}.Debug|Win32.ActiveCfg = DebugLTCG|Win32
		{A185B162-6CB6-4502-B03F-B56F7699A8D9}.Debug|Win32.Build.0 = DebugLTCG|Win32
		{A185B162-6CB6-4502-B03F-B56F7699A8D9}.Debug|x64.ActiveCfg = DebugLTCG|x64
		{A185B162-6CB6-4502-B03F-B56F7699A8D9}.Debug|x64.Build.0 = DebugLTCG|x64
		{A185B162-6CB6-4502-B03F-B56F7699A8D9}.Release|Any CPU.ActiveCfg = DebugDLL|Win32
		{A185B162-6CB6-4502-B03F-B56F7699A8D9}.Release|Win32.ActiveCfg = DebugLTCG|Win32
		{A185B162-6CB6-4502-B03F-B56F7699A8D9}.Release|Win32.Build.0 = DebugLTCG|Win32
		{A185B162-6CB6-4502-B03F-B56F7699A8D9}.Release|x64.ActiveCfg = ReleaseLTCG|x64
		{A185B162-6CB6-4502-B03F-B56F7699A8D9}.Release|x64.Build.0 = ReleaseLTCG|x64
		{75C812DF-3130-4B2A-8FC3-2E274E3A548F}.Debug|Any CPU.ActiveCfg = Debug|Win32
		{75C812DF-3130-4B2A-8FC3-2E274E3A548F}.Debug|Win32.ActiveCfg = Debug|Win32
		{75C812DF-3130-4B2A-8FC3-2E274E3A548F}.Debug|Win32.Build.0 = Debug|Win32
		{75C812DF-3130-4B2A-8FC3-2E274E3A548F}.Debug|x64.ActiveCfg = Debug|x64
		{75C812DF-3130-4B2A-8FC3-2E274E3A548F}.Debug|x64.Build.0 = Debug|x64
		{75C812DF-3130-4B2A-8FC3-2E274E3A548F}.Release|Any CPU.ActiveCfg = Release|Win32
		{75C812DF-3130-4B2A-8FC3-2E274E3A548F}.Release|Win32.ActiveCfg = Release|Win32
		{75C812DF-3130-4B2A-8FC3-2E274E3A548F}.Release|Win32.Build.0 = Release|Win32
		{75C812DF-3130-4B2A-8FC3-2E274E3A548F}.Release|x64.ActiveCfg = Release|x64
		{75C812DF-3130-4B2A-8FC3-2E274E3A548F}.Release|x64.Build.0 = Release|x64
		{A4AE321A-E6B4-47A8-A2B2-0727D1A17721}.Debug|Any CPU.ActiveCfg = Debug|Any CPU
		{A4AE321A-E6B4-47A8-A2B2-0727D1A17721}.Debug|Any CPU.Build.0 = Debug|Any CPU
		{A4AE321A-E6B4-47A8-A2B2-0727D1A17721}.Debug|Win32.ActiveCfg = Debug|Any CPU
		{A4AE321A-E6B4-47A8-A2B2-0727D1A17721}.Debug|x64.ActiveCfg = Debug|Any CPU
		{A4AE321A-E6B4-47A8-A2B2-0727D1A17721}.Release|Any CPU.ActiveCfg = Release|Any CPU
		{A4AE321A-E6B4-47A8-A2B2-0727D1A17721}.Release|Any CPU.Build.0 = Release|Any CPU
		{A4AE321A-E6B4-47A8-A2B2-0727D1A17721}.Release|Win32.ActiveCfg = Release|Any CPU
		{A4AE321A-E6B4-47A8-A2B2-0727D1A17721}.Release|x64.ActiveCfg = Release|Any CPU
		{2C761E16-7CE7-4702-9BB9-C36C0903C8FF}.Debug|Any CPU.ActiveCfg = Debug|Any CPU
		{2C761E16-7CE7-4702-9BB9-C36C0903C8FF}.Debug|Any CPU.Build.0 = Debug|Any CPU
		{2C761E16-7CE7-4702-9BB9-C36C0903C8FF}.Debug|Win32.ActiveCfg = Debug|Any CPU
		{2C761E16-7CE7-4702-9BB9-C36C0903C8FF}.Debug|x64.ActiveCfg = Debug|Any CPU
		{2C761E16-7CE7-4702-9BB9-C36C0903C8FF}.Release|Any CPU.ActiveCfg = Release|Any CPU
		{2C761E16-7CE7-4702-9BB9-C36C0903C8FF}.Release|Any CPU.Build.0 = Release|Any CPU
		{2C761E16-7CE7-4702-9BB9-C36C0903C8FF}.Release|Win32.ActiveCfg = Release|Any CPU
		{2C761E16-7CE7-4702-9BB9-C36C0903C8FF}.Release|x64.ActiveCfg = Release|Any CPU
		{525C3889-CCFA-444F-9190-BEAE637B46A5}.Debug|Any CPU.ActiveCfg = Debug|Win32
		{525C3889-CCFA-444F-9190-BEAE637B46A5}.Debug|Win32.ActiveCfg = Debug|Win32
		{525C3889-CCFA-444F-9190-BEAE637B46A5}.Debug|Win32.Build.0 = Debug|Win32
		{525C3889-CCFA-444F-9190-BEAE637B46A5}.Debug|x64.ActiveCfg = Debug|x64
		{525C3889-CCFA-444F-9190-BEAE637B46A5}.Debug|x64.Build.0 = Debug|x64
		{525C3889-CCFA-444F-9190-BEAE637B46A5}.Release|Any CPU.ActiveCfg = Release|Win32
		{525C3889-CCFA-444F-9190-BEAE637B46A5}.Release|Win32.ActiveCfg = Release|Win32
		{525C3889-CCFA-444F-9190-BEAE637B46A5}.Release|Win32.Build.0 = Release|Win32
		{525C3889-CCFA-444F-9190-BEAE637B46A5}.Release|x64.ActiveCfg = Release|x64
		{525C3889-CCFA-444F-9190-BEAE637B46A5}.Release|x64.Build.0 = Release|x64
		{CAB91949-A2DA-449D-B0A9-62CE1AF21D66}.Debug|Any CPU.ActiveCfg = Debug|Any CPU
		{CAB91949-A2DA-449D-B0A9-62CE1AF21D66}.Debug|Any CPU.Build.0 = Debug|Any CPU
		{CAB91949-A2DA-449D-B0A9-62CE1AF21D66}.Debug|Win32.ActiveCfg = Debug|Any CPU
		{CAB91949-A2DA-449D-B0A9-62CE1AF21D66}.Debug|x64.ActiveCfg = Debug|Any CPU
		{CAB91949-A2DA-449D-B0A9-62CE1AF21D66}.Release|Any CPU.ActiveCfg = Release|Any CPU
		{CAB91949-A2DA-449D-B0A9-62CE1AF21D66}.Release|Any CPU.Build.0 = Release|Any CPU
		{CAB91949-A2DA-449D-B0A9-62CE1AF21D66}.Release|Win32.ActiveCfg = Release|Any CPU
		{CAB91949-A2DA-449D-B0A9-62CE1AF21D66}.Release|x64.ActiveCfg = Release|Any CPU
		{2E6427E4-0C1A-49B9-A80D-886035995CBE}.Debug|Any CPU.ActiveCfg = Debug|Any CPU
		{2E6427E4-0C1A-49B9-A80D-886035995CBE}.Debug|Win32.ActiveCfg = Debug|Any CPU
		{2E6427E4-0C1A-49B9-A80D-886035995CBE}.Debug|x64.ActiveCfg = Debug|Any CPU
		{2E6427E4-0C1A-49B9-A80D-886035995CBE}.Release|Any CPU.ActiveCfg = Release|Any CPU
		{2E6427E4-0C1A-49B9-A80D-886035995CBE}.Release|Win32.ActiveCfg = Release|Any CPU
		{2E6427E4-0C1A-49B9-A80D-886035995CBE}.Release|x64.ActiveCfg = Release|Any CPU
		{EA6E81C8-429E-4670-9983-071744D274B7}.Debug|Any CPU.ActiveCfg = Debug|Any CPU
		{EA6E81C8-429E-4670-9983-071744D274B7}.Debug|Any CPU.Build.0 = Debug|Any CPU
		{EA6E81C8-429E-4670-9983-071744D274B7}.Debug|Win32.ActiveCfg = Debug|Any CPU
		{EA6E81C8-429E-4670-9983-071744D274B7}.Debug|x64.ActiveCfg = Debug|Any CPU
		{EA6E81C8-429E-4670-9983-071744D274B7}.Release|Any CPU.ActiveCfg = Release|Any CPU
		{EA6E81C8-429E-4670-9983-071744D274B7}.Release|Any CPU.Build.0 = Release|Any CPU
		{EA6E81C8-429E-4670-9983-071744D274B7}.Release|Win32.ActiveCfg = Release|Any CPU
		{EA6E81C8-429E-4670-9983-071744D274B7}.Release|x64.ActiveCfg = Release|Any CPU
		{A25C3684-302E-4C4D-96E9-176C12FE7423}.Debug|Any CPU.ActiveCfg = Debug|Win32
		{A25C3684-302E-4C4D-96E9-176C12FE7423}.Debug|Win32.ActiveCfg = Debug|Win32
		{A25C3684-302E-4C4D-96E9-176C12FE7423}.Debug|x64.ActiveCfg = Debug|x64
		{A25C3684-302E-4C4D-96E9-176C12FE7423}.Release|Any CPU.ActiveCfg = Release|Win32
		{A25C3684-302E-4C4D-96E9-176C12FE7423}.Release|Win32.ActiveCfg = Release|Win32
		{A25C3684-302E-4C4D-96E9-176C12FE7423}.Release|x64.ActiveCfg = Release|x64
		{8F4C3F22-1988-4077-9220-ED2512FC0248}.Debug|Any CPU.ActiveCfg = Debug|Any CPU
		{8F4C3F22-1988-4077-9220-ED2512FC0248}.Debug|Win32.ActiveCfg = Debug|Any CPU
		{8F4C3F22-1988-4077-9220-ED2512FC0248}.Debug|x64.ActiveCfg = Debug|Any CPU
		{8F4C3F22-1988-4077-9220-ED2512FC0248}.Release|Any CPU.ActiveCfg = Release|Any CPU
		{8F4C3F22-1988-4077-9220-ED2512FC0248}.Release|Win32.ActiveCfg = Release|Any CPU
		{8F4C3F22-1988-4077-9220-ED2512FC0248}.Release|x64.ActiveCfg = Release|Any CPU
	EndGlobalSection
	GlobalSection(SolutionProperties) = preSolution
		HideSolutionNode = FALSE
	EndGlobalSection
	GlobalSection(NestedProjects) = preSolution
		{3EED260C-7C3C-4E52-93EC-0F0C3ED2F696} = {34019D9B-CB1A-4C13-B6F8-992DE8AB6F39}
		{E94DA1FC-9542-474A-BC20-78A02B961E11} = {62C4825F-1F58-4BA1-BD10-DABB139FCC47}
		{A185B162-6CB6-4502-B03F-B56F7699A8D9} = {62C4825F-1F58-4BA1-BD10-DABB139FCC47}
		{75C812DF-3130-4B2A-8FC3-2E274E3A548F} = {62C4825F-1F58-4BA1-BD10-DABB139FCC47}
		{A4AE321A-E6B4-47A8-A2B2-0727D1A17721} = {34019D9B-CB1A-4C13-B6F8-992DE8AB6F39}
		{2C761E16-7CE7-4702-9BB9-C36C0903C8FF} = {34019D9B-CB1A-4C13-B6F8-992DE8AB6F39}
		{525C3889-CCFA-444F-9190-BEAE637B46A5} = {62C4825F-1F58-4BA1-BD10-DABB139FCC47}
		{CAB91949-A2DA-449D-B0A9-62CE1AF21D66} = {62C4825F-1F58-4BA1-BD10-DABB139FCC47}
		{A25C3684-302E-4C4D-96E9-176C12FE7423} = {62C4825F-1F58-4BA1-BD10-DABB139FCC47}
		{8F4C3F22-1988-4077-9220-ED2512FC0248} = {62C4825F-1F58-4BA1-BD10-DABB139FCC47}
	EndGlobalSection
EndGlobal
