
Microsoft Visual Studio Solution File, Format Version 12.00
# Visual Studio Version 17
VisualStudioVersion = 17.5.33516.290
MinimumVisualStudioVersion = 10.0.40219.1
Project("{2150E333-8FDC-42A3-9474-1A3956D46DE8}") = "Dependencies", "Dependencies", "{62C4825F-1F58-4BA1-BD10-DABB139FCC47}"
EndProject
Project("{2150E333-8FDC-42A3-9474-1A3956D46DE8}") = "Tests", "Tests", "{34019D9B-CB1A-4C13-B6F8-992DE8AB6F39}"
EndProject
Project("{FAE04EC0-301F-11D3-BF4B-00C04F79EFBC}") = "eduLibsodium.Tests", "eduLibsodium\eduLibsodium.Tests\eduLibsodium.Tests.csproj", "{A4AE321A-E6B4-47A8-A2B2-0727D1A17721}"
EndProject
Project("{FAE04EC0-301F-11D3-BF4B-00C04F79EFBC}") = "eduJSON.Tests", "eduJSON\eduJSON.Tests\eduJSON.Tests.csproj", "{2C761E16-7CE7-4702-9BB9-C36C0903C8FF}"
EndProject
Project("{FAE04EC0-301F-11D3-BF4B-00C04F79EFBC}") = "eduVPN", "eduVPN\eduVPN.csproj", "{2E6427E4-0C1A-49B9-A80D-886035995CBE}"
EndProject
Project("{8BC9CEB8-8B4A-11D0-8D11-00A0C91BC942}") = "eduLibsodium", "eduLibsodium\eduLibsodium\eduLibsodium.vcxproj", "{A25C3684-302E-4C4D-96E9-176C12FE7423}"
EndProject
Project("{FAE04EC0-301F-11D3-BF4B-00C04F79EFBC}") = "eduJSON", "eduJSON\eduJSON\eduJSON.csproj", "{8F4C3F22-1988-4077-9220-ED2512FC0248}"
EndProject
Project("{FAE04EC0-301F-11D3-BF4B-00C04F79EFBC}") = "eduVPN.Tests", "eduVPN.Tests\eduVPN.Tests.csproj", "{3EED260C-7C3C-4E52-93EC-0F0C3ED2F696}"
EndProject
Project("{FAE04EC0-301F-11D3-BF4B-00C04F79EFBC}") = "eduOAuth", "eduOAuth\eduOAuth\eduOAuth.csproj", "{44EA054C-0C39-4AAC-9E40-253E919C1E2F}"
EndProject
Project("{FAE04EC0-301F-11D3-BF4B-00C04F79EFBC}") = "eduVPN.Client", "eduVPN.Client\eduVPN.Client.csproj", "{F8DEF292-A494-49ED-B9AB-AFAD100481A9}"
EndProject
Project("{FAE04EC0-301F-11D3-BF4B-00C04F79EFBC}") = "eduOAuth.Tests", "eduOAuth\eduOAuth.Tests\eduOAuth.Tests.csproj", "{76C596A7-D565-4000-95D5-C4ABC5B5EB32}"
EndProject
Project("{FAE04EC0-301F-11D3-BF4B-00C04F79EFBC}") = "eduOpenVPN", "eduOpenVPN\eduOpenVPN\eduOpenVPN.csproj", "{DDF40A25-1180-40B1-9BF1-8D3D66D734AD}"
EndProject
Project("{FAE04EC0-301F-11D3-BF4B-00C04F79EFBC}") = "eduOpenVPN.Tests", "eduOpenVPN\eduOpenVPN.Tests\eduOpenVPN.Tests.csproj", "{EC9E752D-3228-47B1-AB68-9FCF0FAA3B8A}"
EndProject
Project("{8BC9CEB8-8B4A-11D0-8D11-00A0C91BC942}") = "eduVPN.Resources", "eduVPN.Resources\eduVPN.Resources.vcxproj", "{CA8A2358-F8BF-484E-AE07-1255630A52E2}"
EndProject
Project("{FAE04EC0-301F-11D3-BF4B-00C04F79EFBC}") = "eduVPN.Views", "eduVPN.Views\eduVPN.Views.csproj", "{EC9AD583-409A-4C11-8BB9-9035CE5C806A}"
EndProject
Project("{FAE04EC0-301F-11D3-BF4B-00C04F79EFBC}") = "LetsConnect.Client", "LetsConnect.Client\LetsConnect.Client.csproj", "{C6003E42-C1B4-4DA1-9E93-D7AD3A9C12E8}"
EndProject
Project("{FAE04EC0-301F-11D3-BF4B-00C04F79EFBC}") = "eduEx", "eduEx\eduEx\eduEx.csproj", "{0E2C74AC-C81C-4CC6-B88D-81192623A66D}"
EndProject
Project("{FAE04EC0-301F-11D3-BF4B-00C04F79EFBC}") = "eduEx.Tests", "eduEx\eduEx.Tests\eduEx.Tests.csproj", "{30B8909A-8E1D-4E1F-B78F-2917EA0AF402}"
EndProject
Project("{2150E333-8FDC-42A3-9474-1A3956D46DE8}") = "Solution Items", "Solution Items", "{DAC1B53B-C700-4492-A578-D0CAD20BDFB7}"
	ProjectSection(SolutionItems) = preProject
		.editorconfig = .editorconfig
	EndProjectSection
EndProject
Project("{8BC9CEB8-8B4A-11D0-8D11-00A0C91BC942}") = "eduMSICA", "eduMSICA\eduMSICA.vcxproj", "{6B6FEA3D-D88B-4205-8A95-F8893507DEA2}"
EndProject
Project("{8BC9CEB8-8B4A-11D0-8D11-00A0C91BC942}") = "eduWGSvcHost", "eduWGSvcHost\eduWGSvcHost.vcxproj", "{B9D77CA1-CE61-4474-96B3-97675FA29A52}"
EndProject
Project("{FAE04EC0-301F-11D3-BF4B-00C04F79EFBC}") = "eduWireGuard", "eduWireGuard\eduWireGuard\eduWireGuard.csproj", "{E9506F49-B222-4FF3-AD1B-B5FA33035BEF}"
EndProject
Global
	GlobalSection(SolutionConfigurationPlatforms) = preSolution
		Debug|ARM64 = Debug|ARM64
		Debug|x64 = Debug|x64
		Debug|x86 = Debug|x86
		Release|ARM64 = Release|ARM64
		Release|x64 = Release|x64
		Release|x86 = Release|x86
	EndGlobalSection
	GlobalSection(ProjectConfigurationPlatforms) = postSolution
		{A4AE321A-E6B4-47A8-A2B2-0727D1A17721}.Debug|ARM64.ActiveCfg = Debug|x86
		{A4AE321A-E6B4-47A8-A2B2-0727D1A17721}.Debug|ARM64.Build.0 = Debug|x86
		{A4AE321A-E6B4-47A8-A2B2-0727D1A17721}.Debug|x64.ActiveCfg = Debug|x64
		{A4AE321A-E6B4-47A8-A2B2-0727D1A17721}.Debug|x64.Build.0 = Debug|x64
		{A4AE321A-E6B4-47A8-A2B2-0727D1A17721}.Debug|x86.ActiveCfg = Debug|x86
		{A4AE321A-E6B4-47A8-A2B2-0727D1A17721}.Debug|x86.Build.0 = Debug|x86
		{A4AE321A-E6B4-47A8-A2B2-0727D1A17721}.Release|ARM64.ActiveCfg = Release|x86
		{A4AE321A-E6B4-47A8-A2B2-0727D1A17721}.Release|ARM64.Build.0 = Release|x86
		{A4AE321A-E6B4-47A8-A2B2-0727D1A17721}.Release|x64.ActiveCfg = Release|x64
		{A4AE321A-E6B4-47A8-A2B2-0727D1A17721}.Release|x64.Build.0 = Release|x64
		{A4AE321A-E6B4-47A8-A2B2-0727D1A17721}.Release|x86.ActiveCfg = Release|x86
		{A4AE321A-E6B4-47A8-A2B2-0727D1A17721}.Release|x86.Build.0 = Release|x86
		{2C761E16-7CE7-4702-9BB9-C36C0903C8FF}.Debug|ARM64.ActiveCfg = Debug|x86
		{2C761E16-7CE7-4702-9BB9-C36C0903C8FF}.Debug|ARM64.Build.0 = Debug|x86
		{2C761E16-7CE7-4702-9BB9-C36C0903C8FF}.Debug|x64.ActiveCfg = Debug|x64
		{2C761E16-7CE7-4702-9BB9-C36C0903C8FF}.Debug|x64.Build.0 = Debug|x64
		{2C761E16-7CE7-4702-9BB9-C36C0903C8FF}.Debug|x86.ActiveCfg = Debug|x86
		{2C761E16-7CE7-4702-9BB9-C36C0903C8FF}.Debug|x86.Build.0 = Debug|x86
		{2C761E16-7CE7-4702-9BB9-C36C0903C8FF}.Release|ARM64.ActiveCfg = Release|x86
		{2C761E16-7CE7-4702-9BB9-C36C0903C8FF}.Release|ARM64.Build.0 = Release|x86
		{2C761E16-7CE7-4702-9BB9-C36C0903C8FF}.Release|x64.ActiveCfg = Release|x64
		{2C761E16-7CE7-4702-9BB9-C36C0903C8FF}.Release|x64.Build.0 = Release|x64
		{2C761E16-7CE7-4702-9BB9-C36C0903C8FF}.Release|x86.ActiveCfg = Release|x86
		{2C761E16-7CE7-4702-9BB9-C36C0903C8FF}.Release|x86.Build.0 = Release|x86
		{2E6427E4-0C1A-49B9-A80D-886035995CBE}.Debug|ARM64.ActiveCfg = Debug|x86
		{2E6427E4-0C1A-49B9-A80D-886035995CBE}.Debug|ARM64.Build.0 = Debug|x86
		{2E6427E4-0C1A-49B9-A80D-886035995CBE}.Debug|x64.ActiveCfg = Debug|x64
		{2E6427E4-0C1A-49B9-A80D-886035995CBE}.Debug|x64.Build.0 = Debug|x64
		{2E6427E4-0C1A-49B9-A80D-886035995CBE}.Debug|x86.ActiveCfg = Debug|x86
		{2E6427E4-0C1A-49B9-A80D-886035995CBE}.Debug|x86.Build.0 = Debug|x86
		{2E6427E4-0C1A-49B9-A80D-886035995CBE}.Release|ARM64.ActiveCfg = Release|x86
		{2E6427E4-0C1A-49B9-A80D-886035995CBE}.Release|ARM64.Build.0 = Release|x86
		{2E6427E4-0C1A-49B9-A80D-886035995CBE}.Release|x64.ActiveCfg = Release|x64
		{2E6427E4-0C1A-49B9-A80D-886035995CBE}.Release|x64.Build.0 = Release|x64
		{2E6427E4-0C1A-49B9-A80D-886035995CBE}.Release|x86.ActiveCfg = Release|x86
		{2E6427E4-0C1A-49B9-A80D-886035995CBE}.Release|x86.Build.0 = Release|x86
		{A25C3684-302E-4C4D-96E9-176C12FE7423}.Debug|ARM64.ActiveCfg = Debug|Win32
		{A25C3684-302E-4C4D-96E9-176C12FE7423}.Debug|ARM64.Build.0 = Debug|Win32
		{A25C3684-302E-4C4D-96E9-176C12FE7423}.Debug|x64.ActiveCfg = Debug|x64
		{A25C3684-302E-4C4D-96E9-176C12FE7423}.Debug|x64.Build.0 = Debug|x64
		{A25C3684-302E-4C4D-96E9-176C12FE7423}.Debug|x86.ActiveCfg = Debug|Win32
		{A25C3684-302E-4C4D-96E9-176C12FE7423}.Debug|x86.Build.0 = Debug|Win32
		{A25C3684-302E-4C4D-96E9-176C12FE7423}.Release|ARM64.ActiveCfg = Release|Win32
		{A25C3684-302E-4C4D-96E9-176C12FE7423}.Release|ARM64.Build.0 = Release|Win32
		{A25C3684-302E-4C4D-96E9-176C12FE7423}.Release|x64.ActiveCfg = Release|x64
		{A25C3684-302E-4C4D-96E9-176C12FE7423}.Release|x64.Build.0 = Release|x64
		{A25C3684-302E-4C4D-96E9-176C12FE7423}.Release|x86.ActiveCfg = Release|Win32
		{A25C3684-302E-4C4D-96E9-176C12FE7423}.Release|x86.Build.0 = Release|Win32
		{8F4C3F22-1988-4077-9220-ED2512FC0248}.Debug|ARM64.ActiveCfg = Debug|x86
		{8F4C3F22-1988-4077-9220-ED2512FC0248}.Debug|ARM64.Build.0 = Debug|x86
		{8F4C3F22-1988-4077-9220-ED2512FC0248}.Debug|x64.ActiveCfg = Debug|x64
		{8F4C3F22-1988-4077-9220-ED2512FC0248}.Debug|x64.Build.0 = Debug|x64
		{8F4C3F22-1988-4077-9220-ED2512FC0248}.Debug|x86.ActiveCfg = Debug|x86
		{8F4C3F22-1988-4077-9220-ED2512FC0248}.Debug|x86.Build.0 = Debug|x86
		{8F4C3F22-1988-4077-9220-ED2512FC0248}.Release|ARM64.ActiveCfg = Release|x86
		{8F4C3F22-1988-4077-9220-ED2512FC0248}.Release|ARM64.Build.0 = Release|x86
		{8F4C3F22-1988-4077-9220-ED2512FC0248}.Release|x64.ActiveCfg = Release|x64
		{8F4C3F22-1988-4077-9220-ED2512FC0248}.Release|x64.Build.0 = Release|x64
		{8F4C3F22-1988-4077-9220-ED2512FC0248}.Release|x86.ActiveCfg = Release|x86
		{8F4C3F22-1988-4077-9220-ED2512FC0248}.Release|x86.Build.0 = Release|x86
		{3EED260C-7C3C-4E52-93EC-0F0C3ED2F696}.Debug|ARM64.ActiveCfg = Debug|x86
		{3EED260C-7C3C-4E52-93EC-0F0C3ED2F696}.Debug|ARM64.Build.0 = Debug|x86
		{3EED260C-7C3C-4E52-93EC-0F0C3ED2F696}.Debug|x64.ActiveCfg = Debug|x64
		{3EED260C-7C3C-4E52-93EC-0F0C3ED2F696}.Debug|x64.Build.0 = Debug|x64
		{3EED260C-7C3C-4E52-93EC-0F0C3ED2F696}.Debug|x86.ActiveCfg = Debug|x86
		{3EED260C-7C3C-4E52-93EC-0F0C3ED2F696}.Debug|x86.Build.0 = Debug|x86
		{3EED260C-7C3C-4E52-93EC-0F0C3ED2F696}.Release|ARM64.ActiveCfg = Release|x86
		{3EED260C-7C3C-4E52-93EC-0F0C3ED2F696}.Release|ARM64.Build.0 = Release|x86
		{3EED260C-7C3C-4E52-93EC-0F0C3ED2F696}.Release|x64.ActiveCfg = Release|x64
		{3EED260C-7C3C-4E52-93EC-0F0C3ED2F696}.Release|x64.Build.0 = Release|x64
		{3EED260C-7C3C-4E52-93EC-0F0C3ED2F696}.Release|x86.ActiveCfg = Release|x86
		{3EED260C-7C3C-4E52-93EC-0F0C3ED2F696}.Release|x86.Build.0 = Release|x86
		{44EA054C-0C39-4AAC-9E40-253E919C1E2F}.Debug|ARM64.ActiveCfg = Debug|x86
		{44EA054C-0C39-4AAC-9E40-253E919C1E2F}.Debug|ARM64.Build.0 = Debug|x86
		{44EA054C-0C39-4AAC-9E40-253E919C1E2F}.Debug|x64.ActiveCfg = Debug|x64
		{44EA054C-0C39-4AAC-9E40-253E919C1E2F}.Debug|x64.Build.0 = Debug|x64
		{44EA054C-0C39-4AAC-9E40-253E919C1E2F}.Debug|x86.ActiveCfg = Debug|x86
		{44EA054C-0C39-4AAC-9E40-253E919C1E2F}.Debug|x86.Build.0 = Debug|x86
		{44EA054C-0C39-4AAC-9E40-253E919C1E2F}.Release|ARM64.ActiveCfg = Release|x86
		{44EA054C-0C39-4AAC-9E40-253E919C1E2F}.Release|ARM64.Build.0 = Release|x86
		{44EA054C-0C39-4AAC-9E40-253E919C1E2F}.Release|x64.ActiveCfg = Release|x64
		{44EA054C-0C39-4AAC-9E40-253E919C1E2F}.Release|x64.Build.0 = Release|x64
		{44EA054C-0C39-4AAC-9E40-253E919C1E2F}.Release|x86.ActiveCfg = Release|x86
		{44EA054C-0C39-4AAC-9E40-253E919C1E2F}.Release|x86.Build.0 = Release|x86
		{F8DEF292-A494-49ED-B9AB-AFAD100481A9}.Debug|ARM64.ActiveCfg = Debug|x86
		{F8DEF292-A494-49ED-B9AB-AFAD100481A9}.Debug|ARM64.Build.0 = Debug|x86
		{F8DEF292-A494-49ED-B9AB-AFAD100481A9}.Debug|x64.ActiveCfg = Debug|x64
		{F8DEF292-A494-49ED-B9AB-AFAD100481A9}.Debug|x64.Build.0 = Debug|x64
		{F8DEF292-A494-49ED-B9AB-AFAD100481A9}.Debug|x86.ActiveCfg = Debug|x86
		{F8DEF292-A494-49ED-B9AB-AFAD100481A9}.Debug|x86.Build.0 = Debug|x86
		{F8DEF292-A494-49ED-B9AB-AFAD100481A9}.Release|ARM64.ActiveCfg = Release|x86
		{F8DEF292-A494-49ED-B9AB-AFAD100481A9}.Release|ARM64.Build.0 = Release|x86
		{F8DEF292-A494-49ED-B9AB-AFAD100481A9}.Release|x64.ActiveCfg = Release|x64
		{F8DEF292-A494-49ED-B9AB-AFAD100481A9}.Release|x64.Build.0 = Release|x64
		{F8DEF292-A494-49ED-B9AB-AFAD100481A9}.Release|x86.ActiveCfg = Release|x86
		{F8DEF292-A494-49ED-B9AB-AFAD100481A9}.Release|x86.Build.0 = Release|x86
		{76C596A7-D565-4000-95D5-C4ABC5B5EB32}.Debug|ARM64.ActiveCfg = Debug|x86
		{76C596A7-D565-4000-95D5-C4ABC5B5EB32}.Debug|ARM64.Build.0 = Debug|x86
		{76C596A7-D565-4000-95D5-C4ABC5B5EB32}.Debug|x64.ActiveCfg = Debug|x64
		{76C596A7-D565-4000-95D5-C4ABC5B5EB32}.Debug|x64.Build.0 = Debug|x64
		{76C596A7-D565-4000-95D5-C4ABC5B5EB32}.Debug|x86.ActiveCfg = Debug|x86
		{76C596A7-D565-4000-95D5-C4ABC5B5EB32}.Debug|x86.Build.0 = Debug|x86
		{76C596A7-D565-4000-95D5-C4ABC5B5EB32}.Release|ARM64.ActiveCfg = Release|x86
		{76C596A7-D565-4000-95D5-C4ABC5B5EB32}.Release|ARM64.Build.0 = Release|x86
		{76C596A7-D565-4000-95D5-C4ABC5B5EB32}.Release|x64.ActiveCfg = Release|x64
		{76C596A7-D565-4000-95D5-C4ABC5B5EB32}.Release|x64.Build.0 = Release|x64
		{76C596A7-D565-4000-95D5-C4ABC5B5EB32}.Release|x86.ActiveCfg = Release|x86
		{76C596A7-D565-4000-95D5-C4ABC5B5EB32}.Release|x86.Build.0 = Release|x86
		{DDF40A25-1180-40B1-9BF1-8D3D66D734AD}.Debug|ARM64.ActiveCfg = Debug|x86
		{DDF40A25-1180-40B1-9BF1-8D3D66D734AD}.Debug|ARM64.Build.0 = Debug|x86
		{DDF40A25-1180-40B1-9BF1-8D3D66D734AD}.Debug|x64.ActiveCfg = Debug|x64
		{DDF40A25-1180-40B1-9BF1-8D3D66D734AD}.Debug|x64.Build.0 = Debug|x64
		{DDF40A25-1180-40B1-9BF1-8D3D66D734AD}.Debug|x86.ActiveCfg = Debug|x86
		{DDF40A25-1180-40B1-9BF1-8D3D66D734AD}.Debug|x86.Build.0 = Debug|x86
		{DDF40A25-1180-40B1-9BF1-8D3D66D734AD}.Release|ARM64.ActiveCfg = Release|x86
		{DDF40A25-1180-40B1-9BF1-8D3D66D734AD}.Release|ARM64.Build.0 = Release|x86
		{DDF40A25-1180-40B1-9BF1-8D3D66D734AD}.Release|x64.ActiveCfg = Release|x64
		{DDF40A25-1180-40B1-9BF1-8D3D66D734AD}.Release|x64.Build.0 = Release|x64
		{DDF40A25-1180-40B1-9BF1-8D3D66D734AD}.Release|x86.ActiveCfg = Release|x86
		{DDF40A25-1180-40B1-9BF1-8D3D66D734AD}.Release|x86.Build.0 = Release|x86
		{EC9E752D-3228-47B1-AB68-9FCF0FAA3B8A}.Debug|ARM64.ActiveCfg = Debug|x86
		{EC9E752D-3228-47B1-AB68-9FCF0FAA3B8A}.Debug|ARM64.Build.0 = Debug|x86
		{EC9E752D-3228-47B1-AB68-9FCF0FAA3B8A}.Debug|x64.ActiveCfg = Debug|x64
		{EC9E752D-3228-47B1-AB68-9FCF0FAA3B8A}.Debug|x64.Build.0 = Debug|x64
		{EC9E752D-3228-47B1-AB68-9FCF0FAA3B8A}.Debug|x86.ActiveCfg = Debug|x86
		{EC9E752D-3228-47B1-AB68-9FCF0FAA3B8A}.Debug|x86.Build.0 = Debug|x86
		{EC9E752D-3228-47B1-AB68-9FCF0FAA3B8A}.Release|ARM64.ActiveCfg = Release|x86
		{EC9E752D-3228-47B1-AB68-9FCF0FAA3B8A}.Release|ARM64.Build.0 = Release|x86
		{EC9E752D-3228-47B1-AB68-9FCF0FAA3B8A}.Release|x64.ActiveCfg = Release|x64
		{EC9E752D-3228-47B1-AB68-9FCF0FAA3B8A}.Release|x64.Build.0 = Release|x64
		{EC9E752D-3228-47B1-AB68-9FCF0FAA3B8A}.Release|x86.ActiveCfg = Release|x86
		{EC9E752D-3228-47B1-AB68-9FCF0FAA3B8A}.Release|x86.Build.0 = Release|x86
		{CA8A2358-F8BF-484E-AE07-1255630A52E2}.Debug|ARM64.ActiveCfg = Debug|ARM64
		{CA8A2358-F8BF-484E-AE07-1255630A52E2}.Debug|ARM64.Build.0 = Debug|ARM64
		{CA8A2358-F8BF-484E-AE07-1255630A52E2}.Debug|x64.ActiveCfg = Debug|x64
		{CA8A2358-F8BF-484E-AE07-1255630A52E2}.Debug|x64.Build.0 = Debug|x64
		{CA8A2358-F8BF-484E-AE07-1255630A52E2}.Debug|x86.ActiveCfg = Debug|Win32
		{CA8A2358-F8BF-484E-AE07-1255630A52E2}.Debug|x86.Build.0 = Debug|Win32
		{CA8A2358-F8BF-484E-AE07-1255630A52E2}.Release|ARM64.ActiveCfg = Release|ARM64
		{CA8A2358-F8BF-484E-AE07-1255630A52E2}.Release|ARM64.Build.0 = Release|ARM64
		{CA8A2358-F8BF-484E-AE07-1255630A52E2}.Release|x64.ActiveCfg = Release|x64
		{CA8A2358-F8BF-484E-AE07-1255630A52E2}.Release|x64.Build.0 = Release|x64
		{CA8A2358-F8BF-484E-AE07-1255630A52E2}.Release|x86.ActiveCfg = Release|Win32
		{CA8A2358-F8BF-484E-AE07-1255630A52E2}.Release|x86.Build.0 = Release|Win32
		{EC9AD583-409A-4C11-8BB9-9035CE5C806A}.Debug|ARM64.ActiveCfg = Debug|x86
		{EC9AD583-409A-4C11-8BB9-9035CE5C806A}.Debug|ARM64.Build.0 = Debug|x86
		{EC9AD583-409A-4C11-8BB9-9035CE5C806A}.Debug|x64.ActiveCfg = Debug|x64
		{EC9AD583-409A-4C11-8BB9-9035CE5C806A}.Debug|x64.Build.0 = Debug|x64
		{EC9AD583-409A-4C11-8BB9-9035CE5C806A}.Debug|x86.ActiveCfg = Debug|x86
		{EC9AD583-409A-4C11-8BB9-9035CE5C806A}.Debug|x86.Build.0 = Debug|x86
		{EC9AD583-409A-4C11-8BB9-9035CE5C806A}.Release|ARM64.ActiveCfg = Release|x86
		{EC9AD583-409A-4C11-8BB9-9035CE5C806A}.Release|ARM64.Build.0 = Release|x86
		{EC9AD583-409A-4C11-8BB9-9035CE5C806A}.Release|x64.ActiveCfg = Release|x64
		{EC9AD583-409A-4C11-8BB9-9035CE5C806A}.Release|x64.Build.0 = Release|x64
		{EC9AD583-409A-4C11-8BB9-9035CE5C806A}.Release|x86.ActiveCfg = Release|x86
		{EC9AD583-409A-4C11-8BB9-9035CE5C806A}.Release|x86.Build.0 = Release|x86
		{C6003E42-C1B4-4DA1-9E93-D7AD3A9C12E8}.Debug|ARM64.ActiveCfg = Debug|x86
		{C6003E42-C1B4-4DA1-9E93-D7AD3A9C12E8}.Debug|ARM64.Build.0 = Debug|x86
		{C6003E42-C1B4-4DA1-9E93-D7AD3A9C12E8}.Debug|x64.ActiveCfg = Debug|x64
		{C6003E42-C1B4-4DA1-9E93-D7AD3A9C12E8}.Debug|x64.Build.0 = Debug|x64
		{C6003E42-C1B4-4DA1-9E93-D7AD3A9C12E8}.Debug|x86.ActiveCfg = Debug|x86
		{C6003E42-C1B4-4DA1-9E93-D7AD3A9C12E8}.Debug|x86.Build.0 = Debug|x86
		{C6003E42-C1B4-4DA1-9E93-D7AD3A9C12E8}.Release|ARM64.ActiveCfg = Release|x86
		{C6003E42-C1B4-4DA1-9E93-D7AD3A9C12E8}.Release|ARM64.Build.0 = Release|x86
		{C6003E42-C1B4-4DA1-9E93-D7AD3A9C12E8}.Release|x64.ActiveCfg = Release|x64
		{C6003E42-C1B4-4DA1-9E93-D7AD3A9C12E8}.Release|x64.Build.0 = Release|x64
		{C6003E42-C1B4-4DA1-9E93-D7AD3A9C12E8}.Release|x86.ActiveCfg = Release|x86
		{C6003E42-C1B4-4DA1-9E93-D7AD3A9C12E8}.Release|x86.Build.0 = Release|x86
		{0E2C74AC-C81C-4CC6-B88D-81192623A66D}.Debug|ARM64.ActiveCfg = Debug|x86
		{0E2C74AC-C81C-4CC6-B88D-81192623A66D}.Debug|ARM64.Build.0 = Debug|x86
		{0E2C74AC-C81C-4CC6-B88D-81192623A66D}.Debug|x64.ActiveCfg = Debug|x64
		{0E2C74AC-C81C-4CC6-B88D-81192623A66D}.Debug|x64.Build.0 = Debug|x64
		{0E2C74AC-C81C-4CC6-B88D-81192623A66D}.Debug|x86.ActiveCfg = Debug|x86
		{0E2C74AC-C81C-4CC6-B88D-81192623A66D}.Debug|x86.Build.0 = Debug|x86
		{0E2C74AC-C81C-4CC6-B88D-81192623A66D}.Release|ARM64.ActiveCfg = Release|x86
		{0E2C74AC-C81C-4CC6-B88D-81192623A66D}.Release|ARM64.Build.0 = Release|x86
		{0E2C74AC-C81C-4CC6-B88D-81192623A66D}.Release|x64.ActiveCfg = Release|x64
		{0E2C74AC-C81C-4CC6-B88D-81192623A66D}.Release|x64.Build.0 = Release|x64
		{0E2C74AC-C81C-4CC6-B88D-81192623A66D}.Release|x86.ActiveCfg = Release|x86
		{0E2C74AC-C81C-4CC6-B88D-81192623A66D}.Release|x86.Build.0 = Release|x86
		{30B8909A-8E1D-4E1F-B78F-2917EA0AF402}.Debug|ARM64.ActiveCfg = Debug|x86
		{30B8909A-8E1D-4E1F-B78F-2917EA0AF402}.Debug|ARM64.Build.0 = Debug|x86
		{30B8909A-8E1D-4E1F-B78F-2917EA0AF402}.Debug|x64.ActiveCfg = Debug|x64
		{30B8909A-8E1D-4E1F-B78F-2917EA0AF402}.Debug|x64.Build.0 = Debug|x64
		{30B8909A-8E1D-4E1F-B78F-2917EA0AF402}.Debug|x86.ActiveCfg = Debug|x86
		{30B8909A-8E1D-4E1F-B78F-2917EA0AF402}.Debug|x86.Build.0 = Debug|x86
		{30B8909A-8E1D-4E1F-B78F-2917EA0AF402}.Release|ARM64.ActiveCfg = Release|x86
		{30B8909A-8E1D-4E1F-B78F-2917EA0AF402}.Release|ARM64.Build.0 = Release|x86
		{30B8909A-8E1D-4E1F-B78F-2917EA0AF402}.Release|x64.ActiveCfg = Release|x64
		{30B8909A-8E1D-4E1F-B78F-2917EA0AF402}.Release|x64.Build.0 = Release|x64
		{30B8909A-8E1D-4E1F-B78F-2917EA0AF402}.Release|x86.ActiveCfg = Release|x86
		{30B8909A-8E1D-4E1F-B78F-2917EA0AF402}.Release|x86.Build.0 = Release|x86
		{6B6FEA3D-D88B-4205-8A95-F8893507DEA2}.Debug|ARM64.ActiveCfg = Debug|ARM64
		{6B6FEA3D-D88B-4205-8A95-F8893507DEA2}.Debug|ARM64.Build.0 = Debug|ARM64
		{6B6FEA3D-D88B-4205-8A95-F8893507DEA2}.Debug|x64.ActiveCfg = Debug|x64
		{6B6FEA3D-D88B-4205-8A95-F8893507DEA2}.Debug|x64.Build.0 = Debug|x64
		{6B6FEA3D-D88B-4205-8A95-F8893507DEA2}.Debug|x86.ActiveCfg = Debug|Win32
		{6B6FEA3D-D88B-4205-8A95-F8893507DEA2}.Debug|x86.Build.0 = Debug|Win32
		{6B6FEA3D-D88B-4205-8A95-F8893507DEA2}.Release|ARM64.ActiveCfg = Release|ARM64
		{6B6FEA3D-D88B-4205-8A95-F8893507DEA2}.Release|ARM64.Build.0 = Release|ARM64
		{6B6FEA3D-D88B-4205-8A95-F8893507DEA2}.Release|x64.ActiveCfg = Release|x64
		{6B6FEA3D-D88B-4205-8A95-F8893507DEA2}.Release|x64.Build.0 = Release|x64
		{6B6FEA3D-D88B-4205-8A95-F8893507DEA2}.Release|x86.ActiveCfg = Release|Win32
		{6B6FEA3D-D88B-4205-8A95-F8893507DEA2}.Release|x86.Build.0 = Release|Win32
		{B9D77CA1-CE61-4474-96B3-97675FA29A52}.Debug|ARM64.ActiveCfg = Debug|ARM64
		{B9D77CA1-CE61-4474-96B3-97675FA29A52}.Debug|ARM64.Build.0 = Debug|ARM64
		{B9D77CA1-CE61-4474-96B3-97675FA29A52}.Debug|x64.ActiveCfg = Debug|x64
		{B9D77CA1-CE61-4474-96B3-97675FA29A52}.Debug|x64.Build.0 = Debug|x64
		{B9D77CA1-CE61-4474-96B3-97675FA29A52}.Debug|x86.ActiveCfg = Debug|Win32
		{B9D77CA1-CE61-4474-96B3-97675FA29A52}.Debug|x86.Build.0 = Debug|Win32
		{B9D77CA1-CE61-4474-96B3-97675FA29A52}.Release|ARM64.ActiveCfg = Release|ARM64
		{B9D77CA1-CE61-4474-96B3-97675FA29A52}.Release|ARM64.Build.0 = Release|ARM64
		{B9D77CA1-CE61-4474-96B3-97675FA29A52}.Release|x64.ActiveCfg = Release|x64
		{B9D77CA1-CE61-4474-96B3-97675FA29A52}.Release|x64.Build.0 = Release|x64
		{B9D77CA1-CE61-4474-96B3-97675FA29A52}.Release|x86.ActiveCfg = Release|Win32
		{B9D77CA1-CE61-4474-96B3-97675FA29A52}.Release|x86.Build.0 = Release|Win32
		{E9506F49-B222-4FF3-AD1B-B5FA33035BEF}.Debug|ARM64.ActiveCfg = Debug|x86
		{E9506F49-B222-4FF3-AD1B-B5FA33035BEF}.Debug|ARM64.Build.0 = Debug|x86
		{E9506F49-B222-4FF3-AD1B-B5FA33035BEF}.Debug|x64.ActiveCfg = Debug|x64
		{E9506F49-B222-4FF3-AD1B-B5FA33035BEF}.Debug|x64.Build.0 = Debug|x64
		{E9506F49-B222-4FF3-AD1B-B5FA33035BEF}.Debug|x86.ActiveCfg = Debug|x86
		{E9506F49-B222-4FF3-AD1B-B5FA33035BEF}.Debug|x86.Build.0 = Debug|x86
		{E9506F49-B222-4FF3-AD1B-B5FA33035BEF}.Release|ARM64.ActiveCfg = Release|x86
		{E9506F49-B222-4FF3-AD1B-B5FA33035BEF}.Release|ARM64.Build.0 = Release|x86
		{E9506F49-B222-4FF3-AD1B-B5FA33035BEF}.Release|x64.ActiveCfg = Release|x64
		{E9506F49-B222-4FF3-AD1B-B5FA33035BEF}.Release|x64.Build.0 = Release|x64
		{E9506F49-B222-4FF3-AD1B-B5FA33035BEF}.Release|x86.ActiveCfg = Release|x86
		{E9506F49-B222-4FF3-AD1B-B5FA33035BEF}.Release|x86.Build.0 = Release|x86
	EndGlobalSection
	GlobalSection(SolutionProperties) = preSolution
		HideSolutionNode = FALSE
	EndGlobalSection
	GlobalSection(NestedProjects) = preSolution
		{A4AE321A-E6B4-47A8-A2B2-0727D1A17721} = {34019D9B-CB1A-4C13-B6F8-992DE8AB6F39}
		{2C761E16-7CE7-4702-9BB9-C36C0903C8FF} = {34019D9B-CB1A-4C13-B6F8-992DE8AB6F39}
		{A25C3684-302E-4C4D-96E9-176C12FE7423} = {62C4825F-1F58-4BA1-BD10-DABB139FCC47}
		{8F4C3F22-1988-4077-9220-ED2512FC0248} = {62C4825F-1F58-4BA1-BD10-DABB139FCC47}
		{3EED260C-7C3C-4E52-93EC-0F0C3ED2F696} = {34019D9B-CB1A-4C13-B6F8-992DE8AB6F39}
		{44EA054C-0C39-4AAC-9E40-253E919C1E2F} = {62C4825F-1F58-4BA1-BD10-DABB139FCC47}
		{76C596A7-D565-4000-95D5-C4ABC5B5EB32} = {34019D9B-CB1A-4C13-B6F8-992DE8AB6F39}
		{DDF40A25-1180-40B1-9BF1-8D3D66D734AD} = {62C4825F-1F58-4BA1-BD10-DABB139FCC47}
		{EC9E752D-3228-47B1-AB68-9FCF0FAA3B8A} = {34019D9B-CB1A-4C13-B6F8-992DE8AB6F39}
		{0E2C74AC-C81C-4CC6-B88D-81192623A66D} = {62C4825F-1F58-4BA1-BD10-DABB139FCC47}
		{30B8909A-8E1D-4E1F-B78F-2917EA0AF402} = {34019D9B-CB1A-4C13-B6F8-992DE8AB6F39}
		{E9506F49-B222-4FF3-AD1B-B5FA33035BEF} = {62C4825F-1F58-4BA1-BD10-DABB139FCC47}
	EndGlobalSection
	GlobalSection(ExtensibilityGlobals) = postSolution
		SolutionGuid = {C7FC9EE6-11F6-4153-B5AE-66D3DA7A7A61}
	EndGlobalSection
	GlobalSection(Performance) = preSolution
		HasPerformanceSessions = true
	EndGlobalSection
EndGlobal
